
Microsoft Visual Studio Solution File, Format Version 12.00
# Visual Studio Version 16
VisualStudioVersion = 16.0.29709.97
MinimumVisualStudioVersion = 10.0.40219.1
Project("{FAE04EC0-301F-11D3-BF4B-00C04F79EFBC}") = "PrakticheskayaRabota3", "PrakticheskayaRabota3.csproj", "{C4D31143-5B66-437E-A69E-903041E3529E}"
EndProject
Project("{FAE04EC0-301F-11D3-BF4B-00C04F79EFBC}") = "PavelMorozov", "..\PavelMorozov\PavelMorozov.csproj", "{4237645F-2A40-4F81-B0A7-06FBC96A84E6}"
EndProject
Project("{FAE04EC0-301F-11D3-BF4B-00C04F79EFBC}") = "UnitTest", "..\UnitTest\UnitTest.csproj", "{283D3B68-79A4-4353-AC50-F8DDB883D142}"
EndProject
Global
	GlobalSection(SolutionConfigurationPlatforms) = preSolution
		Debug|Any CPU = Debug|Any CPU
		Release|Any CPU = Release|Any CPU
	EndGlobalSection
	GlobalSection(ProjectConfigurationPlatforms) = postSolution
		{C4D31143-5B66-437E-A69E-903041E3529E}.Debug|Any CPU.ActiveCfg = Debug|Any CPU
		{C4D31143-5B66-437E-A69E-903041E3529E}.Debug|Any CPU.Build.0 = Debug|Any CPU
		{C4D31143-5B66-437E-A69E-903041E3529E}.Release|Any CPU.ActiveCfg = Release|Any CPU
		{C4D31143-5B66-437E-A69E-903041E3529E}.Release|Any CPU.Build.0 = Release|Any CPU
		{4237645F-2A40-4F81-B0A7-06FBC96A84E6}.Debug|Any CPU.ActiveCfg = Debug|Any CPU
		{4237645F-2A40-4F81-B0A7-06FBC96A84E6}.Debug|Any CPU.Build.0 = Debug|Any CPU
		{4237645F-2A40-4F81-B0A7-06FBC96A84E6}.Release|Any CPU.ActiveCfg = Release|Any CPU
		{4237645F-2A40-4F81-B0A7-06FBC96A84E6}.Release|Any CPU.Build.0 = Release|Any CPU
		{283D3B68-79A4-4353-AC50-F8DDB883D142}.Debug|Any CPU.ActiveCfg = Debug|Any CPU
		{283D3B68-79A4-4353-AC50-F8DDB883D142}.Debug|Any CPU.Build.0 = Debug|Any CPU
		{283D3B68-79A4-4353-AC50-F8DDB883D142}.Release|Any CPU.ActiveCfg = Release|Any CPU
		{283D3B68-79A4-4353-AC50-F8DDB883D142}.Release|Any CPU.Build.0 = Release|Any CPU
	EndGlobalSection
	GlobalSection(SolutionProperties) = preSolution
		HideSolutionNode = FALSE
	EndGlobalSection
	GlobalSection(ExtensibilityGlobals) = postSolution
		SolutionGuid = {C8FA835A-E495-4B40-9240-4BE51F5FFDBE}
	EndGlobalSection
EndGlobal
